
Microsoft Visual Studio Solution File, Format Version 12.00
# Visual Studio Version 17
VisualStudioVersion = 17.4.33122.133
MinimumVisualStudioVersion = 10.0.40219.1
Project("{FAE04EC0-301F-11D3-BF4B-00C04F79EFBC}") = "Sep490_G60_Backend_SmartBuildPC", "Sep490_G60_Backend_SmartBuildPC\Sep490_G60_Backend_SmartBuildPC.csproj", "{4CB58A29-78FE-4CFE-82F6-0D7FD5C1603E}"
EndProject
Global
	GlobalSection(SolutionConfigurationPlatforms) = preSolution
		Debug|Any CPU = Debug|Any CPU
		Release|Any CPU = Release|Any CPU
	EndGlobalSection
	GlobalSection(ProjectConfigurationPlatforms) = postSolution
		{4CB58A29-78FE-4CFE-82F6-0D7FD5C1603E}.Debug|Any CPU.ActiveCfg = Debug|Any CPU
		{4CB58A29-78FE-4CFE-82F6-0D7FD5C1603E}.Debug|Any CPU.Build.0 = Debug|Any CPU
		{4CB58A29-78FE-4CFE-82F6-0D7FD5C1603E}.Release|Any CPU.ActiveCfg = Release|Any CPU
		{4CB58A29-78FE-4CFE-82F6-0D7FD5C1603E}.Release|Any CPU.Build.0 = Release|Any CPU
	EndGlobalSection
	GlobalSection(SolutionProperties) = preSolution
		HideSolutionNode = FALSE
	EndGlobalSection
	GlobalSection(ExtensibilityGlobals) = postSolution
		SolutionGuid = {4F9A0643-B7E2-4AF9-937E-DA8B7E34AD60}
	EndGlobalSection
EndGlobal
